lockfileVersion: '9.0'

settings:
  autoInstallPeers: true
  excludeLinksFromLockfile: false

importers:

  .:
    dependencies:
      '@smallma-ui/components':
        specifier: workspace:*
        version: link:packages/components
      '@smallma-ui/hooks':
        specifier: workspace:*
        version: link:packages/hooks
      '@smallma-ui/utils':
        specifier: workspace:*
        version: link:packages/utils
      vue:
        specifier: ^3.5.26
        version: 3.5.26
    devDependencies:
      postcss-color-mix:
        specifier: ^1.1.0
        version: 1.1.0
      postcss-each:
        specifier: ^1.1.0
        version: 1.1.0(postcss@8.5.6)
      postcss-each-variables:
        specifier: ^0.3.0
        version: 0.3.0
      postcss-for:
        specifier: ^2.1.1
        version: 2.1.1
      postcss-nested:
        specifier: ^7.0.2
        version: 7.0.2(postcss@8.5.6)

  packages/components: {}

  packages/hooks: {}

  packages/utils: {}

packages:

  '@babel/helper-string-parser@7.27.1':
    resolution: {integrity: sha512-qMlSxKbpRlAridDExk92nSobyDdpPijUq2DW6oDnUqd0iOGxmQjyqhMIihI9+zv4LPyZdRje2cavWPbCbWm3eA==}
    engines: {node: '>=6.9.0'}

  '@babel/helper-validator-identifier@7.28.5':
    resolution: {integrity: sha512-qSs4ifwzKJSV39ucNjsvc6WVHs6b7S03sOh2OcHF9UHfVPqWWALUsNUVzhSBiItjRZoLHx7nIarVjqKVusUZ1Q==}
    engines: {node: '>=6.9.0'}

  '@babel/parser@7.28.5':
    resolution: {integrity: sha512-KKBU1VGYR7ORr3At5HAtUQ+TV3SzRCXmA/8OdDZiLDBIZxVyzXuztPjfLd3BV1PRAQGCMWWSHYhL0F8d5uHBDQ==}
    engines: {node: '>=6.0.0'}
    hasBin: true

  '@babel/types@7.28.5':
    resolution: {integrity: sha512-qQ5m48eI/MFLQ5PxQj4PFaprjyCTLI37ElWMmNs0K8Lk3dVeOdNpB3ks8jc7yM5CDmVC73eMVk/trk3fgmrUpA==}
    engines: {node: '>=6.9.0'}

  '@jridgewell/sourcemap-codec@1.5.5':
    resolution: {integrity: sha512-cYQ9310grqxueWbl+WuIUIaiUaDcj7WOq5fVhEljNVgRfOUhY9fy2zTvfoqWsnebh8Sl70VScFbICvJnLKB0Og==}

  '@vue/compiler-core@3.5.26':
    resolution: {integrity: sha512-vXyI5GMfuoBCnv5ucIT7jhHKl55Y477yxP6fc4eUswjP8FG3FFVFd41eNDArR+Uk3QKn2Z85NavjaxLxOC19/w==}

  '@vue/compiler-dom@3.5.26':
    resolution: {integrity: sha512-y1Tcd3eXs834QjswshSilCBnKGeQjQXB6PqFn/1nxcQw4pmG42G8lwz+FZPAZAby6gZeHSt/8LMPfZ4Rb+Bd/A==}

  '@vue/compiler-sfc@3.5.26':
    resolution: {integrity: sha512-egp69qDTSEZcf4bGOSsprUr4xI73wfrY5oRs6GSgXFTiHrWj4Y3X5Ydtip9QMqiCMCPVwLglB9GBxXtTadJ3mA==}

  '@vue/compiler-ssr@3.5.26':
    resolution: {integrity: sha512-lZT9/Y0nSIRUPVvapFJEVDbEXruZh2IYHMk2zTtEgJSlP5gVOqeWXH54xDKAaFS4rTnDeDBQUYDtxKyoW9FwDw==}

  '@vue/reactivity@3.5.26':
    resolution: {integrity: sha512-9EnYB1/DIiUYYnzlnUBgwU32NNvLp/nhxLXeWRhHUEeWNTn1ECxX8aGO7RTXeX6PPcxe3LLuNBFoJbV4QZ+CFQ==}

  '@vue/runtime-core@3.5.26':
    resolution: {integrity: sha512-xJWM9KH1kd201w5DvMDOwDHYhrdPTrAatn56oB/LRG4plEQeZRQLw0Bpwih9KYoqmzaxF0OKSn6swzYi84e1/Q==}

  '@vue/runtime-dom@3.5.26':
    resolution: {integrity: sha512-XLLd/+4sPC2ZkN/6+V4O4gjJu6kSDbHAChvsyWgm1oGbdSO3efvGYnm25yCjtFm/K7rrSDvSfPDgN1pHgS4VNQ==}

  '@vue/server-renderer@3.5.26':
    resolution: {integrity: sha512-TYKLXmrwWKSodyVuO1WAubucd+1XlLg4set0YoV+Hu8Lo79mp/YMwWV5mC5FgtsDxX3qo1ONrxFaTP1OQgy1uA==}
    peerDependencies:
      vue: 3.5.26

  '@vue/shared@3.5.26':
    resolution: {integrity: sha512-7Z6/y3uFI5PRoKeorTOSXKcDj0MSasfNNltcslbFrPpcw6aXRUALq4IfJlaTRspiWIUOEZbrpM+iQGmCOiWe4A==}

  ansi-regex@2.1.1:
    resolution: {integrity: sha512-TIGnTpdo+E3+pCyAluZvtED5p5wCqLdezCyhPZzKPcxvFplEt4i+W7OONCKgeZFT3+y5NZZfOOS/Bdcanm1MYA==}
    engines: {node: '>=0.10.0'}

  ansi-styles@2.2.1:
    resolution: {integrity: sha512-kmCevFghRiWM7HB5zTPULl4r9bVFSWjz62MhqizDGUrq2NWuNMQyuv4tHHoKJHs69M/MF64lEcHdYIocrdWQYA==}
    engines: {node: '>=0.10.0'}

  ansi-styles@3.2.1:
    resolution: {integrity: sha512-VT0ZI6kZRdTh8YyJw3SMbYm/u+NqfsAxEpWO0Pf9sq8/e94WxxOpPKx9FR1FlyCtOVDNOQ+8ntlqFxiRc+r5qA==}
    engines: {node: '>=4'}

  balanced-match@0.2.1:
    resolution: {integrity: sha512-euSOvfze1jPOf85KQOmZ2UcWDJ/dUJukTJdj4o9ZZLyjl7IjdIyE4fAQRSuGrxAjB9nvvvrl4N3bPtRq+W+SyQ==}

  balanced-match@1.0.2:
    resolution: {integrity: sha512-3oSeUO0TMV67hN1AmbXsK4yaqU7tjiHlbxRDZOpH0KW9+CeX4bRAaX0Anxt0tx2MrpRpWwQaPwIlISEJhYU5Pw==}

  chalk@1.1.3:
    resolution: {integrity: sha512-U3lRVLMSlsCfjqYPbLyVv11M9CPW4I728d6TCKMAOJueEeB9/8o+eSsMnxPJD+Q+K909sdESg7C+tIkoH6on1A==}
    engines: {node: '>=0.10.0'}

  chalk@2.4.2:
    resolution: {integrity: sha512-Mti+f9lpJNcwF4tWV8/OrTTtF1gZi+f8FqlyAdouralcFWFQWF2+NgCHShjkCb+IFBLq9buZwE1xckQU4peSuQ==}
    engines: {node: '>=4'}

  color-convert@0.5.3:
    resolution: {integrity: sha512-RwBeO/B/vZR3dfKL1ye/vx8MHZ40ugzpyfeVG5GsiuGnrlMWe2o8wxBbLCpw9CsxV+wHuzYlCiWnybrIA0ling==}

  color-convert@1.9.3:
    resolution: {integrity: sha512-QfAUtd+vFdAtFQcC8CCyYt1fYWxSqAiK2cSD6zDB8N3cpsEBAvRxp9zOGg6G/SHHJYAT88/az/IuDGALsNVbGg==}

  color-name@1.1.3:
    resolution: {integrity: sha512-72fSenhMw2HZMTVHeCA9KCmpEIbzWiQsjN+BHcBbS9vr1mtt+vJjPdksIBNUmKAW8TFUDPJK5SUU3QhE9NEXDw==}

  color-name@1.1.4:
    resolution: {integrity: sha512-dOy+3AuW3a2wNbZHIuMZpTcgjGuLU/uBL/ubcZF9OXbDo8ff4O8yVp5Bf0efS8uEoYo5q4Fx7dY9OgQGXgAsQA==}

  color-string@0.3.0:
    resolution: {integrity: sha512-sz29j1bmSDfoAxKIEU6zwoIZXN6BrFbAMIhfYCNyiZXBDuU/aiHlN84lp/xDzL2ubyFhLDobHIlU1X70XRrMDA==}

  color@0.9.0:
    resolution: {integrity: sha512-Rk094YYRCcg2qxm584UJ9iS/nSNg8sI/TvD6SGv9DjMlb0Tu6lZbtRWNDcUZG7ShRsGsaiIgQHqLzZCH9GAkng==}

  cssesc@3.0.0:
    resolution: {integrity: sha512-/Tb/JcjK111nNScGob5MNtsntNM1aCNUDipB/TkwZFhyDrrE47SOx/18wF2bbjgc3ZzCSKW1T5nt5EbFoAz/Vg==}
    engines: {node: '>=4'}
    hasBin: true

  csstype@3.2.3:
    resolution: {integrity: sha512-z1HGKcYy2xA8AGQfwrn0PAy+PB7X/GSj3UVJW9qKyn43xWa+gl5nXmU4qqLMRzWVLFC8KusUX8T/0kCiOYpAIQ==}

  entities@7.0.0:
    resolution: {integrity: sha512-FDWG5cmEYf2Z00IkYRhbFrwIwvdFKH07uV8dvNy0omp/Qb1xcyCWp2UDtcwJF4QZZvk0sLudP6/hAu42TaqVhQ==}
    engines: {node: '>=0.12'}

  escape-string-regexp@1.0.5:
    resolution: {integrity: sha512-vbRorB5FUQWvla16U8R/qgaFIya2qGzwDrNmCZuYKrbdSUMG6I1ZCGQRefkRVhuOkIGVne7BQ35DSfo1qvJqFg==}
    engines: {node: '>=0.8.0'}

  estree-walker@2.0.2:
    resolution: {integrity: sha512-Rfkk/Mp/DL7JVje3u18FxFujQlTNR2q6QfMSMB7AvCBx91NGj/ba3kCfza0f6dVDbw7YlRf/nDrn7pQrCCyQ/w==}

  has-ansi@2.0.0:
    resolution: {integrity: sha512-C8vBJ8DwUCx19vhm7urhTuUsr4/IyP6l4VzNQDv+ryHQObW3TTTp9yB68WpYgRe2bbaGuZ/se74IqFeVnMnLZg==}
    engines: {node: '>=0.10.0'}

  has-flag@1.0.0:
    resolution: {integrity: sha512-DyYHfIYwAJmjAjSSPKANxI8bFY9YtFrgkAfinBojQ8YJTOuOuav64tMUJv584SES4xl74PmuaevIyaLESHdTAA==}
    engines: {node: '>=0.10.0'}

  has-flag@3.0.0:
    resolution: {integrity: sha512-sKJf1+ceQBr4SMkvQnBDNDtf4TXpVhVGateu0t918bl30FnbE2m4vNLX+VWe/dpjlb+HugGYzW7uQXH98HPEYw==}
    engines: {node: '>=4'}

  js-base64@2.6.4:
    resolution: {integrity: sha512-pZe//GGmwJndub7ZghVHz7vjb2LgC1m8B07Au3eYqeqv9emhESByMXxaEgkUkEqJe87oBbSniGYoQNIBklc7IQ==}

  magic-string@0.30.21:
    resolution: {integrity: sha512-vd2F4YUyEXKGcLHoq+TEyCjxueSeHnFxyyjNp80yg0XV4vUhnDer/lvvlqM/arB5bXQN5K2/3oinyCRyx8T2CQ==}

  nanoid@3.3.11:
    resolution: {integrity: sha512-N8SpfPUnUp1bK+PMYW8qSWdl9U+wwNWI4QKxOYDy9JAro3WMX7p2OeVRF9v+347pnakNevPmiHhNmZ2HbFA76w==}
    engines: {node: ^10 || ^12 || ^13.7 || ^14 || >=15.0.1}
    hasBin: true

  picocolors@1.1.1:
    resolution: {integrity: sha512-xceH2snhtb5M9liqDsmEw56le376mTZkEX/jEb/RxNFyegNul7eNslCXP9FDj/Lcu0X8KEyMceP2ntpaHrDEVA==}

  postcss-color-mix@1.1.0:
    resolution: {integrity: sha512-4A7WoxlbVQNb2Wd4ei0/FxzBqgA0dYsrt0TDpN9M6IdoCtlY/voNnVo6l85p8I8rKg/iZcWkz/O9jxyAHvusRg==}

  postcss-each-variables@0.3.0:
    resolution: {integrity: sha512-WZLxE4pk0tAkNNFyH1g9iESZWV3cbksjTr9lokGj/Pw4VbaaO9bcfcNr1ciHOWJfdFSOfLBj0WdYzgzNmRD8fg==}
    engines: {node: '>=4'}

  postcss-each@1.1.0:
    resolution: {integrity: sha512-YfTPHHAPFVRgEJfLg9RM4R9WYEHVU9Rf1R8QgZfnObwV2dgNqzTLzTl0w5tF71ApFcYLiJAXiTpHAoqJFYcZVw==}
    peerDependencies:
      postcss: ^8.0.0

  postcss-for@2.1.1:
    resolution: {integrity: sha512-X0R84FCyr5cqzW4+/g4Dvz2OUe1iwC3G/atIrwEpiRstZlBBpknV+ETlIneSTnw/iXgUnEoTRaO2qXY62YWLhQ==}

  postcss-message-helpers@2.0.0:
    resolution: {integrity: sha512-tPLZzVAiIJp46TBbpXtrUAKqedXSyW5xDEo1sikrfEfnTs+49SBZR/xDdqCiJvSSbtr615xDsaMF3RrxS2jZlA==}

  postcss-nested@7.0.2:
    resolution: {integrity: sha512-5osppouFc0VR9/VYzYxO03VaDa3e8F23Kfd6/9qcZTUI8P58GIYlArOET2Wq0ywSl2o2PjELhYOFI4W7l5QHKw==}
    engines: {node: '>=18.0'}
    peerDependencies:
      postcss: ^8.2.14

  postcss-selector-parser@7.1.1:
    resolution: {integrity: sha512-orRsuYpJVw8LdAwqqLykBj9ecS5/cRHlI5+nvTo8LcCKmzDmqVORXtOIYEEQuL9D4BxtA1lm5isAqzQZCoQ6Eg==}
    engines: {node: '>=4'}

  postcss-simple-vars@2.0.0:
    resolution: {integrity: sha512-HllLaKKCBOdKudyzqrw/ve5rWouM9cDL+WHaSF9q4CkBEPjdTdiKNw1xF2dAz5rUKrxVmnUmOYxamwy37dnq2Q==}

  postcss-simple-vars@6.0.3:
    resolution: {integrity: sha512-fkNn4Zio8vN4vIig9IFdb8lVlxWnYR769RgvxCM6YWlFKie/nQaOcaMMMFz/s4gsfHW4/5bJW+i57zD67mQU7g==}
    engines: {node: '>=10.0'}
    peerDependencies:
      postcss: ^8.2.1

  postcss@5.2.18:
    resolution: {integrity: sha512-zrUjRRe1bpXKsX1qAJNJjqZViErVuyEkMTRrwu4ud4sbTtIBRmtaYDrHmcGgmrbsW3MHfmtIf+vJumgQn+PrXg==}
    engines: {node: '>=0.12'}

  postcss@6.0.23:
    resolution: {integrity: sha512-soOk1h6J3VMTZtVeVpv15/Hpdl2cBLX3CAw4TAbkpTJiNPk9YP/zWcD1ND+xEtvyuuvKzbxliTOIyvkSeSJ6ag==}
    engines: {node: '>=4.0.0'}

  postcss@8.5.6:
    resolution: {integrity: sha512-3Ybi1tAuwAP9s0r1UQ2J4n5Y0G05bJkpUIO0/bI9MhwmD70S5aTWbXGBwxHrelT+XM1k6dM0pk+SwNkpTRN7Pg==}
    engines: {node: ^10 || ^12 || >=14}

  reduce-function-call@1.0.3:
    resolution: {integrity: sha512-Hl/tuV2VDgWgCSEeWMLwxLZqX7OK59eU1guxXsRKTAyeYimivsKdtcV4fu3r710tpG5GmDKDhQ0HSZLExnNmyQ==}

  source-map-js@1.2.1:
    resolution: {integrity: sha512-UXWMKhLOwVKb728IUtQPXxfYU+usdybtUrK/8uGE8CQMvrhOpwvzDBwj0QhSL7MQc7vIsISBG8VQ8+IDQxpfQA==}
    engines: {node: '>=0.10.0'}

  source-map@0.5.7:
    resolution: {integrity: sha512-LbrmJOMUSdEVxIKvdcJzQC+nQhe8FUZQTXQy6+I75skNgn3OoQ0DZA8YnFa7gp8tqtL3KPf1kmo0R5DoApeSGQ==}
    engines: {node: '>=0.10.0'}

  source-map@0.6.1:
    resolution: {integrity: sha512-UjgapumWlbMhkBgzT7Ykc5YXUT46F0iKu8SGXq0bcwP5dz/h0Plj6enJqjz1Zbq2l5WaqYnrVbwWOWMyF3F47g==}
    engines: {node: '>=0.10.0'}

  strip-ansi@3.0.1:
    resolution: {integrity: sha512-VhumSSbBqDTP8p2ZLKj40UjBCV4+v8bUSEpUb4KjRgWk9pbqGF4REFj6KEagidb2f/M6AzC0EmFyDNGaw9OCzg==}
    engines: {node: '>=0.10.0'}

  supports-color@2.0.0:
    resolution: {integrity: sha512-KKNVtd6pCYgPIKU4cp2733HWYCpplQhddZLBUryaAHou723x+FRzQ5Df824Fj+IyyuiQTRoub4SnIFfIcrp70g==}
    engines: {node: '>=0.8.0'}

  supports-color@3.2.3:
    resolution: {integrity: sha512-Jds2VIYDrlp5ui7t8abHN2bjAu4LV/q4N2KivFPpGH0lrka0BMq/33AmECUXlKPcHigkNaqfXRENFju+rlcy+A==}
    engines: {node: '>=0.8.0'}

  supports-color@5.5.0:
    resolution: {integrity: sha512-QjVjwdXIt408MIiAqCX4oUKsgU2EqAGzs2Ppkm4aQYbjm+ZEWEcW4SfFNTr4uMNZma0ey4f5lgLrkB0aX0QMow==}
    engines: {node: '>=4'}

  util-deprecate@1.0.2:
    resolution: {integrity: sha512-EPD5q1uXyFxJpCrLnCc1nHnq3gOa6DZBocAIiI2TaSCA7VCJ1UJDMagCzIkXNsUYfD1daK//LTEQ8xiIbrHtcw==}

  vue@3.5.26:
    resolution: {integrity: sha512-SJ/NTccVyAoNUJmkM9KUqPcYlY+u8OVL1X5EW9RIs3ch5H2uERxyyIUI4MRxVCSOiEcupX9xNGde1tL9ZKpimA==}
    peerDependencies:
      typescript: '*'
    peerDependenciesMeta:
      typescript:
        optional: true

snapshots:

  '@babel/helper-string-parser@7.27.1': {}

  '@babel/helper-validator-identifier@7.28.5': {}

  '@babel/parser@7.28.5':
    dependencies:
      '@babel/types': 7.28.5

  '@babel/types@7.28.5':
    dependencies:
      '@babel/helper-string-parser': 7.27.1
      '@babel/helper-validator-identifier': 7.28.5

  '@jridgewell/sourcemap-codec@1.5.5': {}

  '@vue/compiler-core@3.5.26':
    dependencies:
      '@babel/parser': 7.28.5
      '@vue/shared': 3.5.26
      entities: 7.0.0
      estree-walker: 2.0.2
      source-map-js: 1.2.1

  '@vue/compiler-dom@3.5.26':
    dependencies:
      '@vue/compiler-core': 3.5.26
      '@vue/shared': 3.5.26

  '@vue/compiler-sfc@3.5.26':
    dependencies:
      '@babel/parser': 7.28.5
      '@vue/compiler-core': 3.5.26
      '@vue/compiler-dom': 3.5.26
      '@vue/compiler-ssr': 3.5.26
      '@vue/shared': 3.5.26
      estree-walker: 2.0.2
      magic-string: 0.30.21
      postcss: 8.5.6
      source-map-js: 1.2.1

  '@vue/compiler-ssr@3.5.26':
    dependencies:
      '@vue/compiler-dom': 3.5.26
      '@vue/shared': 3.5.26

  '@vue/reactivity@3.5.26':
    dependencies:
      '@vue/shared': 3.5.26

  '@vue/runtime-core@3.5.26':
    dependencies:
      '@vue/reactivity': 3.5.26
      '@vue/shared': 3.5.26

  '@vue/runtime-dom@3.5.26':
    dependencies:
      '@vue/reactivity': 3.5.26
      '@vue/runtime-core': 3.5.26
      '@vue/shared': 3.5.26
      csstype: 3.2.3

  '@vue/server-renderer@3.5.26(vue@3.5.26)':
    dependencies:
      '@vue/compiler-ssr': 3.5.26
      '@vue/shared': 3.5.26
      vue: 3.5.26

  '@vue/shared@3.5.26': {}

  ansi-regex@2.1.1: {}

  ansi-styles@2.2.1: {}

  ansi-styles@3.2.1:
    dependencies:
      color-convert: 1.9.3

  balanced-match@0.2.1: {}

  balanced-match@1.0.2: {}

  chalk@1.1.3:
    dependencies:
      ansi-styles: 2.2.1
      escape-string-regexp: 1.0.5
      has-ansi: 2.0.0
      strip-ansi: 3.0.1
      supports-color: 2.0.0

  chalk@2.4.2:
    dependencies:
      ansi-styles: 3.2.1
      escape-string-regexp: 1.0.5
      supports-color: 5.5.0

  color-convert@0.5.3: {}

  color-convert@1.9.3:
    dependencies:
      color-name: 1.1.3

  color-name@1.1.3: {}

  color-name@1.1.4: {}

  color-string@0.3.0:
    dependencies:
      color-name: 1.1.4

  color@0.9.0:
    dependencies:
      color-convert: 0.5.3
      color-string: 0.3.0

  cssesc@3.0.0: {}

  csstype@3.2.3: {}

  entities@7.0.0: {}

  escape-string-regexp@1.0.5: {}

  estree-walker@2.0.2: {}

  has-ansi@2.0.0:
    dependencies:
      ansi-regex: 2.1.1

  has-flag@1.0.0: {}

  has-flag@3.0.0: {}

  js-base64@2.6.4: {}

  magic-string@0.30.21:
    dependencies:
      '@jridgewell/sourcemap-codec': 1.5.5

  nanoid@3.3.11: {}

  picocolors@1.1.1: {}

  postcss-color-mix@1.1.0:
    dependencies:
      balanced-match: 0.2.1
      color: 0.9.0
      postcss: 5.2.18
      postcss-message-helpers: 2.0.0

  postcss-each-variables@0.3.0:
    dependencies:
      postcss: 6.0.23
      reduce-function-call: 1.0.3

  postcss-each@1.1.0(postcss@8.5.6):
    dependencies:
      postcss: 8.5.6
      postcss-simple-vars: 6.0.3(postcss@8.5.6)

  postcss-for@2.1.1:
    dependencies:
      postcss: 5.2.18
      postcss-simple-vars: 2.0.0

  postcss-message-helpers@2.0.0: {}

  postcss-nested@7.0.2(postcss@8.5.6):
    dependencies:
      postcss: 8.5.6
      postcss-selector-parser: 7.1.1

  postcss-selector-parser@7.1.1:
    dependencies:
      cssesc: 3.0.0
      util-deprecate: 1.0.2

  postcss-simple-vars@2.0.0:
    dependencies:
      postcss: 5.2.18

  postcss-simple-vars@6.0.3(postcss@8.5.6):
    dependencies:
      postcss: 8.5.6

  postcss@5.2.18:
    dependencies:
      chalk: 1.1.3
      js-base64: 2.6.4
      source-map: 0.5.7
      supports-color: 3.2.3

  postcss@6.0.23:
    dependencies:
      chalk: 2.4.2
      source-map: 0.6.1
      supports-color: 5.5.0

  postcss@8.5.6:
    dependencies:
      nanoid: 3.3.11
      picocolors: 1.1.1
      source-map-js: 1.2.1

  reduce-function-call@1.0.3:
    dependencies:
      balanced-match: 1.0.2

  source-map-js@1.2.1: {}

  source-map@0.5.7: {}

  source-map@0.6.1: {}

  strip-ansi@3.0.1:
    dependencies:
      ansi-regex: 2.1.1

  supports-color@2.0.0: {}

  supports-color@3.2.3:
    dependencies:
      has-flag: 1.0.0

  supports-color@5.5.0:
    dependencies:
      has-flag: 3.0.0

  util-deprecate@1.0.2: {}

  vue@3.5.26:
    dependencies:
      '@vue/compiler-dom': 3.5.26
      '@vue/compiler-sfc': 3.5.26
      '@vue/runtime-dom': 3.5.26
      '@vue/server-renderer': 3.5.26(vue@3.5.26)
      '@vue/shared': 3.5.26
